// !$*UTF8*$!
{
	archiveVersion = 1;
	classes = {
	};
	objectVersion = 50;
	objects = {

/* Begin PBXBuildFile section */
		08BEE2AD214B7A8700DF1361 /* AppDelegate.swift in Sources */ = {isa = PBXBuildFile; fileRef = 08BEE2AC214B7A8700DF1361 /* AppDelegate.swift */; };
		08BEE2AF214B7A8700DF1361 /* ViewController.swift in Sources */ = {isa = PBXBuildFile; fileRef = 08BEE2AE214B7A8700DF1361 /* ViewController.swift */; };
		08BEE2B2214B7A8700DF1361 /* Main.storyboard in Resources */ = {isa = PBXBuildFile; fileRef = 08BEE2B0214B7A8700DF1361 /* Main.storyboard */; };
		08BEE2B4214B7A8B00DF1361 /* Assets.xcassets in Resources */ = {isa = PBXBuildFile; fileRef = 08BEE2B3214B7A8B00DF1361 /* Assets.xcassets */; };
		08BEE2B7214B7A8B00DF1361 /* LaunchScreen.storyboard in Resources */ = {isa = PBXBuildFile; fileRef = 08BEE2B5214B7A8B00DF1361 /* LaunchScreen.storyboard */; };
		08BEE2C1214B7C1000DF1361 /* art.scnassets in Resources */ = {isa = PBXBuildFile; fileRef = 08BEE2C0214B7C0F00DF1361 /* art.scnassets */; };
		08BEE2C3214B8B5500DF1361 /* Missile.swift in Sources */ = {isa = PBXBuildFile; fileRef = 08BEE2C2214B8B5500DF1361 /* Missile.swift */; };
		08BEE2C6214B8D2D00DF1361 /* smoke.scnp in Resources */ = {isa = PBXBuildFile; fileRef = 08BEE2C4214B8D2D00DF1361 /* smoke.scnp */; };
		08BEE2C7214B8D2D00DF1361 /* smoke.png in Resources */ = {isa = PBXBuildFile; fileRef = 08BEE2C5214B8D2D00DF1361 /* smoke.png */; };
		08BEE2CA214B944500DF1361 /* fire.scnp in Resources */ = {isa = PBXBuildFile; fileRef = 08BEE2C8214B944500DF1361 /* fire.scnp */; };
		08BEE2CB214B944500DF1361 /* spark.png in Resources */ = {isa = PBXBuildFile; fileRef = 08BEE2C9214B944500DF1361 /* spark.png */; };
/* End PBXBuildFile section */

/* Begin PBXFileReference section */
		08BEE2A9214B7A8700DF1361 /* ARKit002.app */ = {isa = PBXFileReference; explicitFileType = wrapper.application; includeInIndex = 0; path = ARKit002.app; sourceTree = BUILT_PRODUCTS_DIR; };
		08BEE2AC214B7A8700DF1361 /* AppDelegate.swift */ = {isa = PBXFileReference; lastKnownFileType = sourcecode.swift; path = AppDelegate.swift; sourceTree = "<group>"; };
		08BEE2AE214B7A8700DF1361 /* ViewController.swift */ = {isa = PBXFileReference; lastKnownFileType = sourcecode.swift; path = ViewController.swift; sourceTree = "<group>"; };
		08BEE2B1214B7A8700DF1361 /* Base */ = {isa = PBXFileReference; lastKnownFileType = file.storyboard; name = Base; path = Base.lproj/Main.storyboard; sourceTree = "<group>"; };
		08BEE2B3214B7A8B00DF1361 /* Assets.xcassets */ = {isa = PBXFileReference; lastKnownFileType = folder.assetcatalog; path = Assets.xcassets; sourceTree = "<group>"; };
		08BEE2B6214B7A8B00DF1361 /* Base */ = {isa = PBXFileReference; lastKnownFileType = file.storyboard; name = Base; path = Base.lproj/LaunchScreen.storyboard; sourceTree = "<group>"; };
		08BEE2B8214B7A8B00DF1361 /* Info.plist */ = {isa = PBXFileReference; lastKnownFileType = text.plist.xml; path = Info.plist; sourceTree = "<group>"; };
		08BEE2C0214B7C0F00DF1361 /* art.scnassets */ = {isa = PBXFileReference; lastKnownFileType = wrapper.scnassets; path = art.scnassets; sourceTree = "<group>"; };
		08BEE2C2214B8B5500DF1361 /* Missile.swift */ = {isa = PBXFileReference; lastKnownFileType = sourcecode.swift; path = Missile.swift; sourceTree = "<group>"; };
		08BEE2C4214B8D2D00DF1361 /* smoke.scnp */ = {isa = PBXFileReference; lastKnownFileType = file.scp; path = smoke.scnp; sourceTree = "<group>"; };
		08BEE2C5214B8D2D00DF1361 /* smoke.png */ = {isa = PBXFileReference; lastKnownFileType = image.png; path = smoke.png; sourceTree = "<group>"; };
		08BEE2C8214B944500DF1361 /* fire.scnp */ = {isa = PBXFileReference; lastKnownFileType = file.scp; path = fire.scnp; sourceTree = "<group>"; };
		08BEE2C9214B944500DF1361 /* spark.png */ = {isa = PBXFileReference; lastKnownFileType = image.png; path = spark.png; sourceTree = "<group>"; };
/* End PBXFileReference section */

/* Begin PBXFrameworksBuildPhase section */
		08BEE2A6214B7A8700DF1361 /* Frameworks */ = {
			isa = PBXFrameworksBuildPhase;
			buildActionMask = 2147483647;
			files = (
			);
			runOnlyForDeploymentPostprocessing = 0;
		};
/* End PBXFrameworksBuildPhase section */

/* Begin PBXGroup section */
		08BEE2A0214B7A8700DF1361 = {
			isa = PBXGroup;
			children = (
				08BEE2AB214B7A8700DF1361 /* ARKit002 */,
				08BEE2AA214B7A8700DF1361 /* Products */,
			);
			sourceTree = "<group>";
		};
		08BEE2AA214B7A8700DF1361 /* Products */ = {
			isa = PBXGroup;
			children = (
				08BEE2A9214B7A8700DF1361 /* ARKit002.app */,
			);
			name = Products;
			sourceTree = "<group>";
		};
		08BEE2AB214B7A8700DF1361 /* ARKit002 */ = {
			isa = PBXGroup;
			children = (
				08BEE2AC214B7A8700DF1361 /* AppDelegate.swift */,
				08BEE2AE214B7A8700DF1361 /* ViewController.swift */,
				08BEE2C2214B8B5500DF1361 /* Missile.swift */,
				08BEE2C4214B8D2D00DF1361 /* smoke.scnp */,
				08BEE2C5214B8D2D00DF1361 /* smoke.png */,
				08BEE2C8214B944500DF1361 /* fire.scnp */,
				08BEE2C9214B944500DF1361 /* spark.png */,
				08BEE2B0214B7A8700DF1361 /* Main.storyboard */,
				08BEE2B3214B7A8B00DF1361 /* Assets.xcassets */,
				08BEE2B5214B7A8B00DF1361 /* LaunchScreen.storyboard */,
				08BEE2B8214B7A8B00DF1361 /* Info.plist */,
				08BEE2C0214B7C0F00DF1361 /* art.scnassets */,
			);
			path = ARKit002;
			sourceTree = "<group>";
		};
/* End PBXGroup section */

/* Begin PBXNativeTarget section */
		08BEE2A8214B7A8700DF1361 /* ARKit002 */ = {
			isa = PBXNativeTarget;
			buildConfigurationList = 08BEE2BB214B7A8B00DF1361 /* Build configuration list for PBXNativeTarget "ARKit002" */;
			buildPhases = (
				08BEE2A5214B7A8700DF1361 /* Sources */,
				08BEE2A6214B7A8700DF1361 /* Frameworks */,
				08BEE2A7214B7A8700DF1361 /* Resources */,
			);
			buildRules = (
			);
			dependencies = (
			);
			name = ARKit002;
			productName = ARKit002;
			productReference = 08BEE2A9214B7A8700DF1361 /* ARKit002.app */;
			productType = "com.apple.product-type.application";
		};
/* End PBXNativeTarget section */

/* Begin PBXProject section */
		08BEE2A1214B7A8700DF1361 /* Project object */ = {
			isa = PBXProject;
			attributes = {
				LastSwiftUpdateCheck = 0940;
				LastUpgradeCheck = 0940;
				ORGANIZATIONNAME = Exilant;
				TargetAttributes = {
					08BEE2A8214B7A8700DF1361 = {
						CreatedOnToolsVersion = 9.4.1;
					};
				};
			};
			buildConfigurationList = 08BEE2A4214B7A8700DF1361 /* Build configuration list for PBXProject "ARKit002" */;
			compatibilityVersion = "Xcode 9.3";
			developmentRegion = en;
			hasScannedForEncodings = 0;
			knownRegions = (
				en,
				Base,
			);
			mainGroup = 08BEE2A0214B7A8700DF1361;
			productRefGroup = 08BEE2AA214B7A8700DF1361 /* Products */;
			projectDirPath = "";
			projectRoot = "";
			targets = (
				08BEE2A8214B7A8700DF1361 /* ARKit002 */,
			);
		};
/* End PBXProject section */

/* Begin PBXResourcesBuildPhase section */
		08BEE2A7214B7A8700DF1361 /* Resources */ = {
			isa = PBXResourcesBuildPhase;
			buildActionMask = 2147483647;
			files = (
				08BEE2B7214B7A8B00DF1361 /* LaunchScreen.storyboard in Resources */,
				08BEE2C7214B8D2D00DF1361 /* smoke.png in Resources */,
				08BEE2CA214B944500DF1361 /* fire.scnp in Resources */,
				08BEE2C1214B7C1000DF1361 /* art.scnassets in Resources */,
				08BEE2B4214B7A8B00DF1361 /* Assets.xcassets in Resources */,
				08BEE2CB214B944500DF1361 /* spark.png in Resources */,
				08BEE2C6214B8D2D00DF1361 /* smoke.scnp in Resources */,
				08BEE2B2214B7A8700DF1361 /* Main.storyboard in Resources */,
			);
			runOnlyForDeploymentPostprocessing = 0;
		};
/* End PBXResourcesBuildPhase section */

/* Begin PBXSourcesBuildPhase section */
		08BEE2A5214B7A8700DF1361 /* Sources */ = {
			isa = PBXSourcesBuildPhase;
			buildActionMask = 2147483647;
			files = (
				08BEE2AF214B7A8700DF1361 /* ViewController.swift in Sources */,
				08BEE2C3214B8B5500DF1361 /* Missile.swift in Sources */,
				08BEE2AD214B7A8700DF1361 /* AppDelegate.swift in Sources */,
			);
			runOnlyForDeploymentPostprocessing = 0;
		};
/* End PBXSourcesBuildPhase section */

/* Begin PBXVariantGroup section */
		08BEE2B0214B7A8700DF1361 /* Main.storyboard */ = {
			isa = PBXVariantGroup;
			children = (
				08BEE2B1214B7A8700DF1361 /* Base */,
			);
			name = Main.storyboard;
			sourceTree = "<group>";
		};
		08BEE2B5214B7A8B00DF1361 /* LaunchScreen.storyboard */ = {
			isa = PBXVariantGroup;
			children = (
				08BEE2B6214B7A8B00DF1361 /* Base */,
			);
			name = LaunchScreen.storyboard;
			sourceTree = "<group>";
		};
/* End PBXVariantGroup section */

/* Begin XCBuildConfiguration section */
		08BEE2B9214B7A8B00DF1361 /* Debug */ = {
			isa = XCBuildConfiguration;
			buildSettings = {
				ALWAYS_SEARCH_USER_PATHS = NO;
				CLANG_ANALYZER_NONNULL = YES;
				CLANG_ANALYZER_NUMBER_OBJECT_CONVERSION = YES_AGGRESSIVE;
				CLANG_CXX_LANGUAGE_STANDARD = "gnu++14";
				CLANG_CXX_LIBRARY = "libc++";
				CLANG_ENABLE_MODULES = YES;
				CLANG_ENABLE_OBJC_ARC = YES;
				CLANG_ENABLE_OBJC_WEAK = YES;
				CLANG_WARN_BLOCK_CAPTURE_AUTORELEASING = YES;
				CLANG_WARN_BOOL_CONVERSION = YES;
				CLANG_WARN_COMMA = YES;
				CLANG_WARN_CONSTANT_CONVERSION = YES;
				CLANG_WARN_DEPRECATED_OBJC_IMPLEMENTATIONS = YES;
				CLANG_WARN_DIRECT_OBJC_ISA_USAGE = YES_ERROR;
				CLANG_WARN_DOCUMENTATION_COMMENTS = YES;
				CLANG_WARN_EMPTY_BODY = YES;
				CLANG_WARN_ENUM_CONVERSION = YES;
				CLANG_WARN_INFINITE_RECURSION = YES;
				CLANG_WARN_INT_CONVERSION = YES;
				CLANG_WARN_NON_LITERAL_NULL_CONVERSION = YES;
				CLANG_WARN_OBJC_IMPLICIT_RETAIN_SELF = YES;
				CLANG_WARN_OBJC_LITERAL_CONVERSION = YES;
				CLANG_WARN_OBJC_ROOT_CLASS = YES_ERROR;
				CLANG_WARN_RANGE_LOOP_ANALYSIS = YES;
				CLANG_WARN_STRICT_PROTOTYPES = YES;
				CLANG_WARN_SUSPICIOUS_MOVE = YES;
				CLANG_WARN_UNGUARDED_AVAILABILITY = YES_AGGRESSIVE;
				CLANG_WARN_UNREACHABLE_CODE = YES;
				CLANG_WARN__DUPLICATE_METHOD_MATCH = YES;
				CODE_SIGN_IDENTITY = "iPhone Developer";
				COPY_PHASE_STRIP = NO;
				DEBUG_INFORMATION_FORMAT = dwarf;
				ENABLE_STRICT_OBJC_MSGSEND = YES;
				ENABLE_TESTABILITY = YES;
				GCC_C_LANGUAGE_STANDARD = gnu11;
				GCC_DYNAMIC_NO_PIC = NO;
				GCC_NO_COMMON_BLOCKS = YES;
				GCC_OPTIMIZATION_LEVEL = 0;
				GCC_PREPROCESSOR_DEFINITIONS = (
					"DEBUG=1",
					"$(inherited)",
				);
				GCC_WARN_64_TO_32_BIT_CONVERSION = YES;
				GCC_WARN_ABOUT_RETURN_TYPE = YES_ERROR;
				GCC_WARN_UNDECLARED_SELECTOR = YES;
				GCC_WARN_UNINITIALIZED_AUTOS = YES_AGGRESSIVE;
				GCC_WARN_UNUSED_FUNCTION = YES;
				GCC_WARN_UNUSED_VARIABLE = YES;
				IPHONEOS_DEPLOYMENT_TARGET = 11.4;
				MTL_ENABLE_DEBUG_INFO = YES;
				ONLY_ACTIVE_ARCH = YES;
				SDKROOT = iphoneos;
				SWIFT_ACTIVE_COMPILATION_CONDITIONS = DEBUG;
				SWIFT_OPTIMIZATION_LEVEL = "-Onone";
			};
			name = Debug;
		};
		08BEE2BA214B7A8B00DF1361 /* Release */ = {
			isa = XCBuildConfiguration;
			buildSettings = {
				ALWAYS_SEARCH_USER_PATHS = NO;
				CLANG_ANALYZER_NONNULL = YES;
				CLANG_ANALYZER_NUMBER_OBJECT_CONVERSION = YES_AGGRESSIVE;
				CLANG_CXX_LANGUAGE_STANDARD = "gnu++14";
				CLANG_CXX_LIBRARY = "libc++";
				CLANG_ENABLE_MODULES = YES;
				CLANG_ENABLE_OBJC_ARC = YES;
				CLANG_ENABLE_OBJC_WEAK = YES;
				CLANG_WARN_BLOCK_CAPTURE_AUTORELEASING = YES;
				CLANG_WARN_BOOL_CONVERSION = YES;
				CLANG_WARN_COMMA = YES;
				CLANG_WARN_CONSTANT_CONVERSION = YES;
				CLANG_WARN_DEPRECATED_OBJC_IMPLEMENTATIONS = YES;
				CLANG_WARN_DIRECT_OBJC_ISA_USAGE = YES_ERROR;
				CLANG_WARN_DOCUMENTATION_COMMENTS = YES;
				CLANG_WARN_EMPTY_BODY = YES;
				CLANG_WARN_ENUM_CONVERSION = YES;
				CLANG_WARN_INFINITE_RECURSION = YES;
				CLANG_WARN_INT_CONVERSION = YES;
				CLANG_WARN_NON_LITERAL_NULL_CONVERSION = YES;
				CLANG_WARN_OBJC_IMPLICIT_RETAIN_SELF = YES;
				CLANG_WARN_OBJC_LITERAL_CONVERSION = YES;
				CLANG_WARN_OBJC_ROOT_CLASS = YES_ERROR;
				CLANG_WARN_RANGE_LOOP_ANALYSIS = YES;
				CLANG_WARN_STRICT_PROTOTYPES = YES;
				CLANG_WARN_SUSPICIOUS_MOVE = YES;
				CLANG_WARN_UNGUARDED_AVAILABILITY = YES_AGGRESSIVE;
				CLANG_WARN_UNREACHABLE_CODE = YES;
				CLANG_WARN__DUPLICATE_METHOD_MATCH = YES;
				CODE_SIGN_IDENTITY = "iPhone Developer";
				COPY_PHASE_STRIP = NO;
				DEBUG_INFORMATION_FORMAT = "dwarf-with-dsym";
				ENABLE_NS_ASSERTIONS = NO;
				ENABLE_STRICT_OBJC_MSGSEND = YES;
				GCC_C_LANGUAGE_STANDARD = gnu11;
				GCC_NO_COMMON_BLOCKS = YES;
				GCC_WARN_64_TO_32_BIT_CONVERSION = YES;
				GCC_WARN_ABOUT_RETURN_TYPE = YES_ERROR;
				GCC_WARN_UNDECLARED_SELECTOR = YES;
				GCC_WARN_UNINITIALIZED_AUTOS = YES_AGGRESSIVE;
				GCC_WARN_UNUSED_FUNCTION = YES;
				GCC_WARN_UNUSED_VARIABLE = YES;
				IPHONEOS_DEPLOYMENT_TARGET = 11.4;
				MTL_ENABLE_DEBUG_INFO = NO;
				SDKROOT = iphoneos;
				SWIFT_COMPILATION_MODE = wholemodule;
				SWIFT_OPTIMIZATION_LEVEL = "-O";
				VALIDATE_PRODUCT = YES;
			};
			name = Release;
		};
		08BEE2BC214B7A8B00DF1361 /* Debug */ = {
			isa = XCBuildConfiguration;
			buildSettings = {
				ASSETCATALOG_COMPILER_APPICON_NAME = AppIcon;
				CODE_SIGN_STYLE = Automatic;
				DEVELOPMENT_TEAM = H83TSUZGC5;
				INFOPLIST_FILE = ARKit002/Info.plist;
				LD_RUNPATH_SEARCH_PATHS = (
					"$(inherited)",
					"@executable_path/Frameworks",
				);
				PRODUCT_BUNDLE_IDENTIFIER = com.ankit.ARKit002;
				PRODUCT_NAME = "$(TARGET_NAME)";
				SWIFT_VERSION = 4.0;
				TARGETED_DEVICE_FAMILY = "1,2";
			};
			name = Debug;
		};
		08BEE2BD214B7A8B00DF1361 /* Release */ = {
			isa = XCBuildConfiguration;
			buildSettings = {
				ASSETCATALOG_COMPILER_APPICON_NAME = AppIcon;
				CODE_SIGN_STYLE = Automatic;
				DEVELOPMENT_TEAM = H83TSUZGC5;
				INFOPLIST_FILE = ARKit002/Info.plist;
				LD_RUNPATH_SEARCH_PATHS = (
					"$(inherited)",
					"@executable_path/Frameworks",
				);
				PRODUCT_BUNDLE_IDENTIFIER = com.ankit.ARKit002;
				PRODUCT_NAME = "$(TARGET_NAME)";
				SWIFT_VERSION = 4.0;
				TARGETED_DEVICE_FAMILY = "1,2";
			};
			name = Release;
		};
/* End XCBuildConfiguration section */

/* Begin XCConfigurationList section */
		08BEE2A4214B7A8700DF1361 /* Build configuration list for PBXProject "ARKit002" */ = {
			isa = XCConfigurationList;
			buildConfigurations = (
				08BEE2B9214B7A8B00DF1361 /* Debug */,
				08BEE2BA214B7A8B00DF1361 /* Release */,
			);
			defaultConfigurationIsVisible = 0;
			defaultConfigurationName = Release;
		};
		08BEE2BB214B7A8B00DF1361 /* Build configuration list for PBXNativeTarget "ARKit002" */ = {
			isa = XCConfigurationList;
			buildConfigurations = (
				08BEE2BC214B7A8B00DF1361 /* Debug */,
				08BEE2BD214B7A8B00DF1361 /* Release */,
			);
			defaultConfigurationIsVisible = 0;
			defaultConfigurationName = Release;
		};
/* End XCConfigurationList section */
	};
	rootObject = 08BEE2A1214B7A8700DF1361 /* Project object */;
}
